
Microsoft Visual Studio Solution File, Format Version 12.00
# Visual Studio Version 17
VisualStudioVersion = 17.9.34728.123
MinimumVisualStudioVersion = 10.0.40219.1
Project("{9A19103F-16F7-4668-BE54-9A1E7A4F7556}") = "HWYDotNetCore.ConsoleApp", "HWYDotNetCore.ConsoleApp\HWYDotNetCore.ConsoleApp.csproj", "{CD14318C-A012-445C-968B-071105EE7EA8}"
EndProject
Project("{9A19103F-16F7-4668-BE54-9A1E7A4F7556}") = "HWYDotNetCore.RestApi", "HWYDotNetCore.RestApi\HWYDotNetCore.RestApi.csproj", "{BDAD65F3-CB5A-4081-88EB-544AA5BF0EAF}"
EndProject
Project("{9A19103F-16F7-4668-BE54-9A1E7A4F7556}") = "HWYDotNetCore.Shared", "HWYDotNetCore.Shared\HWYDotNetCore.Shared.csproj", "{F5B492CD-41DB-4ED0-84E7-307078B707C0}"
EndProject
Project("{9A19103F-16F7-4668-BE54-9A1E7A4F7556}") = "HWYDotNetCore.RestApiWithNLayer", "HWYDotNetCore.RestApiWithNLayer\HWYDotNetCore.RestApiWithNLayer.csproj", "{6874CFAC-510A-4AD7-9165-7AA2F40084BE}"
EndProject
Project("{9A19103F-16F7-4668-BE54-9A1E7A4F7556}") = "HWYDotNetCore.ConsoleAppHttpClient", "HWYDotNetCore.ConsoleAppHttpClient\HWYDotNetCore.ConsoleAppHttpClient.csproj", "{F73E0120-6D4C-4193-A500-A2BA1A3748D6}"
EndProject
Project("{9A19103F-16F7-4668-BE54-9A1E7A4F7556}") = "HWYDotNetCore.ConsoleAppHttpClientExamples", "HWYDotNetCore.ConsoleAppHttpClientExamples\HWYDotNetCore.ConsoleAppHttpClientExamples.csproj", "{31BF2F63-C10E-4F16-B586-7684D8BF20B4}"
EndProject
Project("{9A19103F-16F7-4668-BE54-9A1E7A4F7556}") = "HWYDotNetCore.ConsoleAppRestClientExamples", "HWYDotNetCore.ConsoleAppRestClientExamples\HWYDotNetCore.ConsoleAppRestClientExamples.csproj", "{FABB4048-034C-4CEE-97C5-E8B61595A3E3}"
EndProject
Project("{9A19103F-16F7-4668-BE54-9A1E7A4F7556}") = "HWYDotNetCore.PizzaApi", "HWYDotNetCore.PizzaApi\HWYDotNetCore.PizzaApi.csproj", "{76ACA769-566E-4AD1-8361-697A5DDE4FED}"
EndProject
Project("{9A19103F-16F7-4668-BE54-9A1E7A4F7556}") = "HWYDotNetCore.ConsoleAppRefitExamples", "HWYDotNetCore.ConsoleAppRefitExamples\HWYDotNetCore.ConsoleAppRefitExamples.csproj", "{9BDE918C-7CC8-446B-829D-F771159C1A30}"
EndProject
Project("{9A19103F-16F7-4668-BE54-9A1E7A4F7556}") = "HWYDotNetCore.WinFormsApp", "HWYDotNetCore.WinFormsApp\HWYDotNetCore.WinFormsApp.csproj", "{9230E71E-7FB8-425A-A5EB-38E0DF426C9D}"
EndProject
Project("{9A19103F-16F7-4668-BE54-9A1E7A4F7556}") = "HWYDotNetCore.NLayer.UI", "HWYDotNetCore.NLayer.UI\HWYDotNetCore.NLayer.UI.csproj", "{95F38E9F-8CF2-4C0D-A7BD-B355CAFC3F81}"
EndProject
Project("{9A19103F-16F7-4668-BE54-9A1E7A4F7556}") = "HWYDotNetCore.NLayer.DataAccess", "HWYDotNetCore.NLayer.DataAccess\HWYDotNetCore.NLayer.DataAccess.csproj", "{47152548-A9EB-4114-99A9-3E8A33DF3DB3}"
EndProject
Project("{9A19103F-16F7-4668-BE54-9A1E7A4F7556}") = "HWYDotNetCore.NLayer.BusinessLogic", "HWYDotNetCore.NLayer.BusinessLogic\HWYDotNetCore.NLayer.BusinessLogic.csproj", "{D78F4268-AFE0-4595-8D74-434767924946}"
EndProject
Project("{9A19103F-16F7-4668-BE54-9A1E7A4F7556}") = "HWYDotNetCore.WinFormsAppSqlInjection", "HWYDotNetCore.WinFormsAppSqlInjection\HWYDotNetCore.WinFormsAppSqlInjection.csproj", "{0D4D992D-B9E2-4A17-BAF0-613E7A11F6FD}"
EndProject
Project("{9A19103F-16F7-4668-BE54-9A1E7A4F7556}") = "HWYDotNetCore.MinimalApi", "HWYDotNetCore.MinimalApi\HWYDotNetCore.MinimalApi.csproj", "{E3AA426B-41D3-4B58-959E-4B2CD5B12DA8}"
EndProject
Project("{9A19103F-16F7-4668-BE54-9A1E7A4F7556}") = "HWYDotNetCore.MvcApp", "HWYDotNetCore.MvcApp\HWYDotNetCore.MvcApp.csproj", "{952CA253-25A1-4E68-85FF-BBD59D4F980B}"
EndProject
Project("{9A19103F-16F7-4668-BE54-9A1E7A4F7556}") = "HWYDotNetCore.MvcChartApp", "HWYDotNetCore.MvcChartApp\HWYDotNetCore.MvcChartApp.csproj", "{0C5203B8-1D6C-4442-B77F-A0917E7E4BFE}"
EndProject
Project("{9A19103F-16F7-4668-BE54-9A1E7A4F7556}") = "HWYDotNetCore.MvcApp2", "HWYDotNetCore.MvcApp2\HWYDotNetCore.MvcApp2.csproj", "{D6975856-7FDB-418B-B912-32B7271AC4E2}"
EndProject
Project("{9A19103F-16F7-4668-BE54-9A1E7A4F7556}") = "HWYDotNetCore.ConsoleAppLogging", "HWYDotNetCore.ConsoleAppLogging\HWYDotNetCore.ConsoleAppLogging.csproj", "{DCBC88C7-8828-46A4-9C38-2379CE765972}"
EndProject
Project("{9A19103F-16F7-4668-BE54-9A1E7A4F7556}") = "HWYDotNetCore.RealTimeChartApp", "HWYDotNetCore.RealTimeChartApp\HWYDotNetCore.RealTimeChartApp.csproj", "{914EC89F-9098-43A5-8CED-AE2E1589CF61}"
EndProject
Project("{9A19103F-16F7-4668-BE54-9A1E7A4F7556}") = "HWYDotNetCore.WebApi", "HWYDotNetCore.WebApi\HWYDotNetCore.WebApi.csproj", "{23A5751B-9179-45D1-BE4C-82442C0B70C5}"
EndProject
Project("{9A19103F-16F7-4668-BE54-9A1E7A4F7556}") = "HWYDotNetCore.MvcApiCall", "HWYDotNetCore.MvcApiCall\HWYDotNetCore.MvcApiCall.csproj", "{0E9681BE-3C50-4302-9D1E-5CF7AE5CD3DE}"
EndProject
Project("{9A19103F-16F7-4668-BE54-9A1E7A4F7556}") = "HWYDotNetCore.MinimalApi2", "HWYDotNetCore.MinimalApi2\HWYDotNetCore.MinimalApi2.csproj", "{1BEFECC6-49B9-4390-9D15-0B9293E75328}"
EndProject
Project("{9A19103F-16F7-4668-BE54-9A1E7A4F7556}") = "HWYDotNetCore.RealTimeChartApp2", "HWYDotNetCore.RealTimeChartApp2\HWYDotNetCore.RealTimeChartApp2.csproj", "{E7442B9C-7259-40EE-91BD-386CC0CC9DBB}"
EndProject
Project("{FAE04EC0-301F-11D3-BF4B-00C04F79EFBC}") = "HWYDotNetCore.ConsoleAppEFCore", "HWYDotNetCore.ConsoleAppEFCore\HWYDotNetCore.ConsoleAppEFCore.csproj", "{CBF890D3-3C79-4BA3-A94A-386C234CC280}"
EndProject
Project("{FAE04EC0-301F-11D3-BF4B-00C04F79EFBC}") = "HWYDotNetCore.ConsoleAppEFCore.Databases", "HWYDotNetCore.ConsoleAppEFCore.Databases\HWYDotNetCore.ConsoleAppEFCore.Databases.csproj", "{B90296BC-94C6-4BAF-B08C-9BBA0FDCAADE}"
EndProject
Global
	GlobalSection(SolutionConfigurationPlatforms) = preSolution
		Debug|Any CPU = Debug|Any CPU
		Release|Any CPU = Release|Any CPU
	EndGlobalSection
	GlobalSection(ProjectConfigurationPlatforms) = postSolution
		{CD14318C-A012-445C-968B-071105EE7EA8}.Debug|Any CPU.ActiveCfg = Debug|Any CPU
		{CD14318C-A012-445C-968B-071105EE7EA8}.Debug|Any CPU.Build.0 = Debug|Any CPU
		{CD14318C-A012-445C-968B-071105EE7EA8}.Release|Any CPU.ActiveCfg = Release|Any CPU
		{CD14318C-A012-445C-968B-071105EE7EA8}.Release|Any CPU.Build.0 = Release|Any CPU
		{BDAD65F3-CB5A-4081-88EB-544AA5BF0EAF}.Debug|Any CPU.ActiveCfg = Debug|Any CPU
		{BDAD65F3-CB5A-4081-88EB-544AA5BF0EAF}.Debug|Any CPU.Build.0 = Debug|Any CPU
		{BDAD65F3-CB5A-4081-88EB-544AA5BF0EAF}.Release|Any CPU.ActiveCfg = Release|Any CPU
		{BDAD65F3-CB5A-4081-88EB-544AA5BF0EAF}.Release|Any CPU.Build.0 = Release|Any CPU
		{F5B492CD-41DB-4ED0-84E7-307078B707C0}.Debug|Any CPU.ActiveCfg = Debug|Any CPU
		{F5B492CD-41DB-4ED0-84E7-307078B707C0}.Debug|Any CPU.Build.0 = Debug|Any CPU
		{F5B492CD-41DB-4ED0-84E7-307078B707C0}.Release|Any CPU.ActiveCfg = Release|Any CPU
		{F5B492CD-41DB-4ED0-84E7-307078B707C0}.Release|Any CPU.Build.0 = Release|Any CPU
		{6874CFAC-510A-4AD7-9165-7AA2F40084BE}.Debug|Any CPU.ActiveCfg = Debug|Any CPU
		{6874CFAC-510A-4AD7-9165-7AA2F40084BE}.Debug|Any CPU.Build.0 = Debug|Any CPU
		{6874CFAC-510A-4AD7-9165-7AA2F40084BE}.Release|Any CPU.ActiveCfg = Release|Any CPU
		{6874CFAC-510A-4AD7-9165-7AA2F40084BE}.Release|Any CPU.Build.0 = Release|Any CPU
		{F73E0120-6D4C-4193-A500-A2BA1A3748D6}.Debug|Any CPU.ActiveCfg = Debug|Any CPU
		{F73E0120-6D4C-4193-A500-A2BA1A3748D6}.Debug|Any CPU.Build.0 = Debug|Any CPU
		{F73E0120-6D4C-4193-A500-A2BA1A3748D6}.Release|Any CPU.ActiveCfg = Release|Any CPU
		{F73E0120-6D4C-4193-A500-A2BA1A3748D6}.Release|Any CPU.Build.0 = Release|Any CPU
		{31BF2F63-C10E-4F16-B586-7684D8BF20B4}.Debug|Any CPU.ActiveCfg = Debug|Any CPU
		{31BF2F63-C10E-4F16-B586-7684D8BF20B4}.Debug|Any CPU.Build.0 = Debug|Any CPU
		{31BF2F63-C10E-4F16-B586-7684D8BF20B4}.Release|Any CPU.ActiveCfg = Release|Any CPU
		{31BF2F63-C10E-4F16-B586-7684D8BF20B4}.Release|Any CPU.Build.0 = Release|Any CPU
		{FABB4048-034C-4CEE-97C5-E8B61595A3E3}.Debug|Any CPU.ActiveCfg = Debug|Any CPU
		{FABB4048-034C-4CEE-97C5-E8B61595A3E3}.Debug|Any CPU.Build.0 = Debug|Any CPU
		{FABB4048-034C-4CEE-97C5-E8B61595A3E3}.Release|Any CPU.ActiveCfg = Release|Any CPU
		{FABB4048-034C-4CEE-97C5-E8B61595A3E3}.Release|Any CPU.Build.0 = Release|Any CPU
		{76ACA769-566E-4AD1-8361-697A5DDE4FED}.Debug|Any CPU.ActiveCfg = Debug|Any CPU
		{76ACA769-566E-4AD1-8361-697A5DDE4FED}.Debug|Any CPU.Build.0 = Debug|Any CPU
		{76ACA769-566E-4AD1-8361-697A5DDE4FED}.Release|Any CPU.ActiveCfg = Release|Any CPU
		{76ACA769-566E-4AD1-8361-697A5DDE4FED}.Release|Any CPU.Build.0 = Release|Any CPU
		{9BDE918C-7CC8-446B-829D-F771159C1A30}.Debug|Any CPU.ActiveCfg = Debug|Any CPU
		{9BDE918C-7CC8-446B-829D-F771159C1A30}.Debug|Any CPU.Build.0 = Debug|Any CPU
		{9BDE918C-7CC8-446B-829D-F771159C1A30}.Release|Any CPU.ActiveCfg = Release|Any CPU
		{9BDE918C-7CC8-446B-829D-F771159C1A30}.Release|Any CPU.Build.0 = Release|Any CPU
		{9230E71E-7FB8-425A-A5EB-38E0DF426C9D}.Debug|Any CPU.ActiveCfg = Debug|Any CPU
		{9230E71E-7FB8-425A-A5EB-38E0DF426C9D}.Debug|Any CPU.Build.0 = Debug|Any CPU
		{9230E71E-7FB8-425A-A5EB-38E0DF426C9D}.Release|Any CPU.ActiveCfg = Release|Any CPU
		{9230E71E-7FB8-425A-A5EB-38E0DF426C9D}.Release|Any CPU.Build.0 = Release|Any CPU
		{95F38E9F-8CF2-4C0D-A7BD-B355CAFC3F81}.Debug|Any CPU.ActiveCfg = Debug|Any CPU
		{95F38E9F-8CF2-4C0D-A7BD-B355CAFC3F81}.Debug|Any CPU.Build.0 = Debug|Any CPU
		{95F38E9F-8CF2-4C0D-A7BD-B355CAFC3F81}.Release|Any CPU.ActiveCfg = Release|Any CPU
		{95F38E9F-8CF2-4C0D-A7BD-B355CAFC3F81}.Release|Any CPU.Build.0 = Release|Any CPU
		{47152548-A9EB-4114-99A9-3E8A33DF3DB3}.Debug|Any CPU.ActiveCfg = Debug|Any CPU
		{47152548-A9EB-4114-99A9-3E8A33DF3DB3}.Debug|Any CPU.Build.0 = Debug|Any CPU
		{47152548-A9EB-4114-99A9-3E8A33DF3DB3}.Release|Any CPU.ActiveCfg = Release|Any CPU
		{47152548-A9EB-4114-99A9-3E8A33DF3DB3}.Release|Any CPU.Build.0 = Release|Any CPU
		{D78F4268-AFE0-4595-8D74-434767924946}.Debug|Any CPU.ActiveCfg = Debug|Any CPU
		{D78F4268-AFE0-4595-8D74-434767924946}.Debug|Any CPU.Build.0 = Debug|Any CPU
		{D78F4268-AFE0-4595-8D74-434767924946}.Release|Any CPU.ActiveCfg = Release|Any CPU
		{D78F4268-AFE0-4595-8D74-434767924946}.Release|Any CPU.Build.0 = Release|Any CPU
		{0D4D992D-B9E2-4A17-BAF0-613E7A11F6FD}.Debug|Any CPU.ActiveCfg = Debug|Any CPU
		{0D4D992D-B9E2-4A17-BAF0-613E7A11F6FD}.Debug|Any CPU.Build.0 = Debug|Any CPU
		{0D4D992D-B9E2-4A17-BAF0-613E7A11F6FD}.Release|Any CPU.ActiveCfg = Release|Any CPU
		{0D4D992D-B9E2-4A17-BAF0-613E7A11F6FD}.Release|Any CPU.Build.0 = Release|Any CPU
		{E3AA426B-41D3-4B58-959E-4B2CD5B12DA8}.Debug|Any CPU.ActiveCfg = Debug|Any CPU
		{E3AA426B-41D3-4B58-959E-4B2CD5B12DA8}.Debug|Any CPU.Build.0 = Debug|Any CPU
		{E3AA426B-41D3-4B58-959E-4B2CD5B12DA8}.Release|Any CPU.ActiveCfg = Release|Any CPU
		{E3AA426B-41D3-4B58-959E-4B2CD5B12DA8}.Release|Any CPU.Build.0 = Release|Any CPU
		{952CA253-25A1-4E68-85FF-BBD59D4F980B}.Debug|Any CPU.ActiveCfg = Debug|Any CPU
		{952CA253-25A1-4E68-85FF-BBD59D4F980B}.Debug|Any CPU.Build.0 = Debug|Any CPU
		{952CA253-25A1-4E68-85FF-BBD59D4F980B}.Release|Any CPU.ActiveCfg = Release|Any CPU
		{952CA253-25A1-4E68-85FF-BBD59D4F980B}.Release|Any CPU.Build.0 = Release|Any CPU
		{0C5203B8-1D6C-4442-B77F-A0917E7E4BFE}.Debug|Any CPU.ActiveCfg = Debug|Any CPU
		{0C5203B8-1D6C-4442-B77F-A0917E7E4BFE}.Debug|Any CPU.Build.0 = Debug|Any CPU
		{0C5203B8-1D6C-4442-B77F-A0917E7E4BFE}.Release|Any CPU.ActiveCfg = Release|Any CPU
		{0C5203B8-1D6C-4442-B77F-A0917E7E4BFE}.Release|Any CPU.Build.0 = Release|Any CPU
		{D6975856-7FDB-418B-B912-32B7271AC4E2}.Debug|Any CPU.ActiveCfg = Debug|Any CPU
		{D6975856-7FDB-418B-B912-32B7271AC4E2}.Debug|Any CPU.Build.0 = Debug|Any CPU
		{D6975856-7FDB-418B-B912-32B7271AC4E2}.Release|Any CPU.ActiveCfg = Release|Any CPU
		{D6975856-7FDB-418B-B912-32B7271AC4E2}.Release|Any CPU.Build.0 = Release|Any CPU
		{DCBC88C7-8828-46A4-9C38-2379CE765972}.Debug|Any CPU.ActiveCfg = Debug|Any CPU
		{DCBC88C7-8828-46A4-9C38-2379CE765972}.Debug|Any CPU.Build.0 = Debug|Any CPU
		{DCBC88C7-8828-46A4-9C38-2379CE765972}.Release|Any CPU.ActiveCfg = Release|Any CPU
		{DCBC88C7-8828-46A4-9C38-2379CE765972}.Release|Any CPU.Build.0 = Release|Any CPU
		{914EC89F-9098-43A5-8CED-AE2E1589CF61}.Debug|Any CPU.ActiveCfg = Debug|Any CPU
		{914EC89F-9098-43A5-8CED-AE2E1589CF61}.Debug|Any CPU.Build.0 = Debug|Any CPU
		{914EC89F-9098-43A5-8CED-AE2E1589CF61}.Release|Any CPU.ActiveCfg = Release|Any CPU
		{914EC89F-9098-43A5-8CED-AE2E1589CF61}.Release|Any CPU.Build.0 = Release|Any CPU
		{23A5751B-9179-45D1-BE4C-82442C0B70C5}.Debug|Any CPU.ActiveCfg = Debug|Any CPU
		{23A5751B-9179-45D1-BE4C-82442C0B70C5}.Debug|Any CPU.Build.0 = Debug|Any CPU
		{23A5751B-9179-45D1-BE4C-82442C0B70C5}.Release|Any CPU.ActiveCfg = Release|Any CPU
		{23A5751B-9179-45D1-BE4C-82442C0B70C5}.Release|Any CPU.Build.0 = Release|Any CPU
		{0E9681BE-3C50-4302-9D1E-5CF7AE5CD3DE}.Debug|Any CPU.ActiveCfg = Debug|Any CPU
		{0E9681BE-3C50-4302-9D1E-5CF7AE5CD3DE}.Debug|Any CPU.Build.0 = Debug|Any CPU
		{0E9681BE-3C50-4302-9D1E-5CF7AE5CD3DE}.Release|Any CPU.ActiveCfg = Release|Any CPU
		{0E9681BE-3C50-4302-9D1E-5CF7AE5CD3DE}.Release|Any CPU.Build.0 = Release|Any CPU
		{1BEFECC6-49B9-4390-9D15-0B9293E75328}.Debug|Any CPU.ActiveCfg = Debug|Any CPU
		{1BEFECC6-49B9-4390-9D15-0B9293E75328}.Debug|Any CPU.Build.0 = Debug|Any CPU
		{1BEFECC6-49B9-4390-9D15-0B9293E75328}.Release|Any CPU.ActiveCfg = Release|Any CPU
		{1BEFECC6-49B9-4390-9D15-0B9293E75328}.Release|Any CPU.Build.0 = Release|Any CPU
		{E7442B9C-7259-40EE-91BD-386CC0CC9DBB}.Debug|Any CPU.ActiveCfg = Debug|Any CPU
		{E7442B9C-7259-40EE-91BD-386CC0CC9DBB}.Debug|Any CPU.Build.0 = Debug|Any CPU
		{E7442B9C-7259-40EE-91BD-386CC0CC9DBB}.Release|Any CPU.ActiveCfg = Release|Any CPU
		{E7442B9C-7259-40EE-91BD-386CC0CC9DBB}.Release|Any CPU.Build.0 = Release|Any CPU
		{CBF890D3-3C79-4BA3-A94A-386C234CC280}.Debug|Any CPU.ActiveCfg = Debug|Any CPU
		{CBF890D3-3C79-4BA3-A94A-386C234CC280}.Debug|Any CPU.Build.0 = Debug|Any CPU
		{CBF890D3-3C79-4BA3-A94A-386C234CC280}.Release|Any CPU.ActiveCfg = Release|Any CPU
		{CBF890D3-3C79-4BA3-A94A-386C234CC280}.Release|Any CPU.Build.0 = Release|Any CPU
		{B90296BC-94C6-4BAF-B08C-9BBA0FDCAADE}.Debug|Any CPU.ActiveCfg = Debug|Any CPU
		{B90296BC-94C6-4BAF-B08C-9BBA0FDCAADE}.Debug|Any CPU.Build.0 = Debug|Any CPU
		{B90296BC-94C6-4BAF-B08C-9BBA0FDCAADE}.Release|Any CPU.ActiveCfg = Release|Any CPU
		{B90296BC-94C6-4BAF-B08C-9BBA0FDCAADE}.Release|Any CPU.Build.0 = Release|Any CPU
	EndGlobalSection
	GlobalSection(SolutionProperties) = preSolution
		HideSolutionNode = FALSE
	EndGlobalSection
	GlobalSection(ExtensibilityGlobals) = postSolution
		SolutionGuid = {42F322D3-9F5D-4ED5-A97C-6141677B9384}
	EndGlobalSection
EndGlobal
