
Microsoft Visual Studio Solution File, Format Version 12.00
# Visual Studio Version 17
VisualStudioVersion = 17.9.34728.123
MinimumVisualStudioVersion = 10.0.40219.1
Project("{9A19103F-16F7-4668-BE54-9A1E7A4F7556}") = "HWYDotNetCore.ConsoleApp", "HWYDotNetCore.ConsoleApp\HWYDotNetCore.ConsoleApp.csproj", "{CD14318C-A012-445C-968B-071105EE7EA8}"
EndProject
Project("{9A19103F-16F7-4668-BE54-9A1E7A4F7556}") = "HWYDotNetCore.RestApi", "HWYDotNetCore.RestApi\HWYDotNetCore.RestApi.csproj", "{BDAD65F3-CB5A-4081-88EB-544AA5BF0EAF}"
EndProject
Project("{9A19103F-16F7-4668-BE54-9A1E7A4F7556}") = "HWYDotNetCore.Shared", "HWYDotNetCore.Shared\HWYDotNetCore.Shared.csproj", "{F5B492CD-41DB-4ED0-84E7-307078B707C0}"
EndProject
Project("{9A19103F-16F7-4668-BE54-9A1E7A4F7556}") = "HWYDotNetCore.RestApiWithNLayer", "HWYDotNetCore.RestApiWithNLayer\HWYDotNetCore.RestApiWithNLayer.csproj", "{6874CFAC-510A-4AD7-9165-7AA2F40084BE}"
EndProject
Project("{9A19103F-16F7-4668-BE54-9A1E7A4F7556}") = "HWYDotNetCore.ConsoleAppHttpClient", "HWYDotNetCore.ConsoleAppHttpClient\HWYDotNetCore.ConsoleAppHttpClient.csproj", "{F73E0120-6D4C-4193-A500-A2BA1A3748D6}"
EndProject
Project("{FAE04EC0-301F-11D3-BF4B-00C04F79EFBC}") = "HWYDotNetCore.ConsoleAppHttpClientExamples", "HWYDotNetCore.ConsoleAppHttpClientExamples\HWYDotNetCore.ConsoleAppHttpClientExamples.csproj", "{31BF2F63-C10E-4F16-B586-7684D8BF20B4}"
EndProject
Global
	GlobalSection(SolutionConfigurationPlatforms) = preSolution
		Debug|Any CPU = Debug|Any CPU
		Release|Any CPU = Release|Any CPU
	EndGlobalSection
	GlobalSection(ProjectConfigurationPlatforms) = postSolution
		{CD14318C-A012-445C-968B-071105EE7EA8}.Debug|Any CPU.ActiveCfg = Debug|Any CPU
		{CD14318C-A012-445C-968B-071105EE7EA8}.Debug|Any CPU.Build.0 = Debug|Any CPU
		{CD14318C-A012-445C-968B-071105EE7EA8}.Release|Any CPU.ActiveCfg = Release|Any CPU
		{CD14318C-A012-445C-968B-071105EE7EA8}.Release|Any CPU.Build.0 = Release|Any CPU
		{BDAD65F3-CB5A-4081-88EB-544AA5BF0EAF}.Debug|Any CPU.ActiveCfg = Debug|Any CPU
		{BDAD65F3-CB5A-4081-88EB-544AA5BF0EAF}.Debug|Any CPU.Build.0 = Debug|Any CPU
		{BDAD65F3-CB5A-4081-88EB-544AA5BF0EAF}.Release|Any CPU.ActiveCfg = Release|Any CPU
		{BDAD65F3-CB5A-4081-88EB-544AA5BF0EAF}.Release|Any CPU.Build.0 = Release|Any CPU
		{F5B492CD-41DB-4ED0-84E7-307078B707C0}.Debug|Any CPU.ActiveCfg = Debug|Any CPU
		{F5B492CD-41DB-4ED0-84E7-307078B707C0}.Debug|Any CPU.Build.0 = Debug|Any CPU
		{F5B492CD-41DB-4ED0-84E7-307078B707C0}.Release|Any CPU.ActiveCfg = Release|Any CPU
		{F5B492CD-41DB-4ED0-84E7-307078B707C0}.Release|Any CPU.Build.0 = Release|Any CPU
		{6874CFAC-510A-4AD7-9165-7AA2F40084BE}.Debug|Any CPU.ActiveCfg = Debug|Any CPU
		{6874CFAC-510A-4AD7-9165-7AA2F40084BE}.Debug|Any CPU.Build.0 = Debug|Any CPU
		{6874CFAC-510A-4AD7-9165-7AA2F40084BE}.Release|Any CPU.ActiveCfg = Release|Any CPU
		{6874CFAC-510A-4AD7-9165-7AA2F40084BE}.Release|Any CPU.Build.0 = Release|Any CPU
		{F73E0120-6D4C-4193-A500-A2BA1A3748D6}.Debug|Any CPU.ActiveCfg = Debug|Any CPU
		{F73E0120-6D4C-4193-A500-A2BA1A3748D6}.Debug|Any CPU.Build.0 = Debug|Any CPU
		{F73E0120-6D4C-4193-A500-A2BA1A3748D6}.Release|Any CPU.ActiveCfg = Release|Any CPU
		{F73E0120-6D4C-4193-A500-A2BA1A3748D6}.Release|Any CPU.Build.0 = Release|Any CPU
		{31BF2F63-C10E-4F16-B586-7684D8BF20B4}.Debug|Any CPU.ActiveCfg = Debug|Any CPU
		{31BF2F63-C10E-4F16-B586-7684D8BF20B4}.Debug|Any CPU.Build.0 = Debug|Any CPU
		{31BF2F63-C10E-4F16-B586-7684D8BF20B4}.Release|Any CPU.ActiveCfg = Release|Any CPU
		{31BF2F63-C10E-4F16-B586-7684D8BF20B4}.Release|Any CPU.Build.0 = Release|Any CPU
	EndGlobalSection
	GlobalSection(SolutionProperties) = preSolution
		HideSolutionNode = FALSE
	EndGlobalSection
	GlobalSection(ExtensibilityGlobals) = postSolution
		SolutionGuid = {42F322D3-9F5D-4ED5-A97C-6141677B9384}
	EndGlobalSection
EndGlobal
